
Microsoft Visual Studio Solution File, Format Version 12.00
# Visual Studio Version 17
VisualStudioVersion = 17.3.32825.248
MinimumVisualStudioVersion = 10.0.40219.1
Project("{8BC9CEB8-8B4A-11D0-8D11-00A0C91BC942}") = "Engine", "Engine\Engine.vcxproj", "{A811CF55-0667-4C41-9EEA-5A372A8510CF}"
EndProject
Project("{8BC9CEB8-8B4A-11D0-8D11-00A0C91BC942}") = "RUN", "RUN\RUN.vcxproj", "{30EC1D62-22C7-4D70-AF6C-1E2E0697C1CA}"
EndProject
Global
	GlobalSection(SolutionConfigurationPlatforms) = preSolution
		Debug|x64 = Debug|x64
		Debug|x86 = Debug|x86
		Release|x64 = Release|x64
		Release|x86 = Release|x86
	EndGlobalSection
	GlobalSection(ProjectConfigurationPlatforms) = postSolution
		{A811CF55-0667-4C41-9EEA-5A372A8510CF}.Debug|x64.ActiveCfg = Debug|x64
		{A811CF55-0667-4C41-9EEA-5A372A8510CF}.Debug|x64.Build.0 = Debug|x64
		{A811CF55-0667-4C41-9EEA-5A372A8510CF}.Debug|x86.ActiveCfg = Debug|Win32
		{A811CF55-0667-4C41-9EEA-5A372A8510CF}.Debug|x86.Build.0 = Debug|Win32
		{A811CF55-0667-4C41-9EEA-5A372A8510CF}.Release|x64.ActiveCfg = Release|x64
		{A811CF55-0667-4C41-9EEA-5A372A8510CF}.Release|x64.Build.0 = Release|x64
		{A811CF55-0667-4C41-9EEA-5A372A8510CF}.Release|x86.ActiveCfg = Release|Win32
		{A811CF55-0667-4C41-9EEA-5A372A8510CF}.Release|x86.Build.0 = Release|Win32
		{30EC1D62-22C7-4D70-AF6C-1E2E0697C1CA}.Debug|x64.ActiveCfg = Debug|x64
		{30EC1D62-22C7-4D70-AF6C-1E2E0697C1CA}.Debug|x64.Build.0 = Debug|x64
		{30EC1D62-22C7-4D70-AF6C-1E2E0697C1CA}.Debug|x86.ActiveCfg = Debug|Win32
		{30EC1D62-22C7-4D70-AF6C-1E2E0697C1CA}.Debug|x86.Build.0 = Debug|Win32
		{30EC1D62-22C7-4D70-AF6C-1E2E0697C1CA}.Release|x64.ActiveCfg = Release|x64
		{30EC1D62-22C7-4D70-AF6C-1E2E0697C1CA}.Release|x64.Build.0 = Release|x64
		{30EC1D62-22C7-4D70-AF6C-1E2E0697C1CA}.Release|x86.ActiveCfg = Release|Win32
		{30EC1D62-22C7-4D70-AF6C-1E2E0697C1CA}.Release|x86.Build.0 = Release|Win32
	EndGlobalSection
	GlobalSection(SolutionProperties) = preSolution
		HideSolutionNode = FALSE
	EndGlobalSection
	GlobalSection(ExtensibilityGlobals) = postSolution
		SolutionGuid = {0B516DDE-8181-4821-B2A1-DAF5CF78A84E}
	EndGlobalSection
EndGlobal
